
Microsoft Visual Studio Solution File, Format Version 12.00
# Visual Studio 15
VisualStudioVersion = 15.0.26730.10
MinimumVisualStudioVersion = 10.0.40219.1
Project("{F2A71F9B-5D33-465A-A702-920D77279786}") = "Process", "Process\Process.fsproj", "{C2A22C89-6C1F-462D-A73C-F7014C019705}"
EndProject
Project("{2150E333-8FDC-42A3-9474-1A3956D46DE8}") = "Solution Items", "Solution Items", "{2F6A4E81-E3F5-4D73-A3B2-0A8A590110CB}"
	ProjectSection(SolutionItems) = preProject
		Data.sql = Data.sql
		FullDbMap.dbml = FullDbMap.dbml
		last7days.png = last7days.png
		queryExecuted.sql = queryExecuted.sql
		README.md = README.md
	EndProjectSection
EndProject
Project("{FAE04EC0-301F-11D3-BF4B-00C04F79EFBC}") = "Process.UnitTests", "Process.UnitTests\Process.UnitTests.csproj", "{B1102076-40F9-4694-9C45-A5A289618606}"
EndProject
Global
	GlobalSection(SolutionConfigurationPlatforms) = preSolution
		Debug|Any CPU = Debug|Any CPU
		Release|Any CPU = Release|Any CPU
	EndGlobalSection
	GlobalSection(ProjectConfigurationPlatforms) = postSolution
		{C2A22C89-6C1F-462D-A73C-F7014C019705}.Debug|Any CPU.ActiveCfg = Debug|Any CPU
		{C2A22C89-6C1F-462D-A73C-F7014C019705}.Debug|Any CPU.Build.0 = Debug|Any CPU
		{C2A22C89-6C1F-462D-A73C-F7014C019705}.Release|Any CPU.ActiveCfg = Release|Any CPU
		{C2A22C89-6C1F-462D-A73C-F7014C019705}.Release|Any CPU.Build.0 = Release|Any CPU
		{B1102076-40F9-4694-9C45-A5A289618606}.Debug|Any CPU.ActiveCfg = Debug|Any CPU
		{B1102076-40F9-4694-9C45-A5A289618606}.Debug|Any CPU.Build.0 = Debug|Any CPU
		{B1102076-40F9-4694-9C45-A5A289618606}.Release|Any CPU.ActiveCfg = Release|Any CPU
		{B1102076-40F9-4694-9C45-A5A289618606}.Release|Any CPU.Build.0 = Release|Any CPU
	EndGlobalSection
	GlobalSection(SolutionProperties) = preSolution
		HideSolutionNode = FALSE
	EndGlobalSection
	GlobalSection(ExtensibilityGlobals) = postSolution
		SolutionGuid = {8050748F-C551-45D8-A501-89B775312E50}
	EndGlobalSection
EndGlobal
